
Microsoft Visual Studio Solution File, Format Version 12.00
# Visual Studio 15
VisualStudioVersion = 15.0.27004.2008
MinimumVisualStudioVersion = 10.0.40219.1
Project("{FAE04EC0-301F-11D3-BF4B-00C04F79EFBC}") = "FakeAccountPrediction", "FakeAccountPrediction\FakeAccountPrediction.csproj", "{47819412-2C4C-463B-832B-5B54CE8C6ACB}"
EndProject
Project("{FAE04EC0-301F-11D3-BF4B-00C04F79EFBC}") = "GetIdFB", "GetIdFB\GetIdFB.csproj", "{76F92B5D-D78E-4C07-B68E-CF7E778798EB}"
EndProject
Project("{FAE04EC0-301F-11D3-BF4B-00C04F79EFBC}") = "AddLabel", "AddLabel\AddLabel.csproj", "{388A1472-6DFA-4737-9A49-AD662424FDD4}"
EndProject
Global
	GlobalSection(SolutionConfigurationPlatforms) = preSolution
		Debug|Any CPU = Debug|Any CPU
		Release|Any CPU = Release|Any CPU
	EndGlobalSection
	GlobalSection(ProjectConfigurationPlatforms) = postSolution
		{47819412-2C4C-463B-832B-5B54CE8C6ACB}.Debug|Any CPU.ActiveCfg = Debug|Any CPU
		{47819412-2C4C-463B-832B-5B54CE8C6ACB}.Debug|Any CPU.Build.0 = Debug|Any CPU
		{47819412-2C4C-463B-832B-5B54CE8C6ACB}.Release|Any CPU.ActiveCfg = Release|Any CPU
		{47819412-2C4C-463B-832B-5B54CE8C6ACB}.Release|Any CPU.Build.0 = Release|Any CPU
		{76F92B5D-D78E-4C07-B68E-CF7E778798EB}.Debug|Any CPU.ActiveCfg = Debug|Any CPU
		{76F92B5D-D78E-4C07-B68E-CF7E778798EB}.Debug|Any CPU.Build.0 = Debug|Any CPU
		{76F92B5D-D78E-4C07-B68E-CF7E778798EB}.Release|Any CPU.ActiveCfg = Release|Any CPU
		{76F92B5D-D78E-4C07-B68E-CF7E778798EB}.Release|Any CPU.Build.0 = Release|Any CPU
		{388A1472-6DFA-4737-9A49-AD662424FDD4}.Debug|Any CPU.ActiveCfg = Debug|Any CPU
		{388A1472-6DFA-4737-9A49-AD662424FDD4}.Debug|Any CPU.Build.0 = Debug|Any CPU
		{388A1472-6DFA-4737-9A49-AD662424FDD4}.Release|Any CPU.ActiveCfg = Release|Any CPU
		{388A1472-6DFA-4737-9A49-AD662424FDD4}.Release|Any CPU.Build.0 = Release|Any CPU
	EndGlobalSection
	GlobalSection(SolutionProperties) = preSolution
		HideSolutionNode = FALSE
	EndGlobalSection
	GlobalSection(ExtensibilityGlobals) = postSolution
		SolutionGuid = {EE66EA5B-854B-4229-B2D3-D533138CF40C}
	EndGlobalSection
EndGlobal
